
Microsoft Visual Studio Solution File, Format Version 11.00
# Visual C++ Express 2010
Project("{8BC9CEB8-8B4A-11D0-8D11-00A0C91BC942}") = "fmipp", "fmipp\fmipp.vcxproj", "{72DC0237-C5B4-4E6F-A335-6137B086FD81}"
EndProject
Global
	GlobalSection(SolutionConfigurationPlatforms) = preSolution
		Release|Win32 = Release|Win32
	EndGlobalSection
	GlobalSection(ProjectConfigurationPlatforms) = postSolution
		{72DC0237-C5B4-4E6F-A335-6137B086FD81}.Release|Win32.ActiveCfg = Release|Win32
		{72DC0237-C5B4-4E6F-A335-6137B086FD81}.Release|Win32.Build.0 = Release|Win32
	EndGlobalSection
	GlobalSection(SolutionProperties) = preSolution
		HideSolutionNode = FALSE
	EndGlobalSection
EndGlobal
